// !$*UTF8*$!
{
	archiveVersion = 1;
	classes = {
	};
	objectVersion = 46;
	objects = {

/* Begin PBXBuildFile section */
		6643F0921DC1A205001646FE /* AppDelegate.swift in Sources */ = {isa = PBXBuildFile; fileRef = 6643F0911DC1A205001646FE /* AppDelegate.swift */; };
		6643F0971DC1A205001646FE /* Main.storyboard in Resources */ = {isa = PBXBuildFile; fileRef = 6643F0951DC1A205001646FE /* Main.storyboard */; };
		6643F0991DC1A205001646FE /* Assets.xcassets in Resources */ = {isa = PBXBuildFile; fileRef = 6643F0981DC1A205001646FE /* Assets.xcassets */; };
		6643F09C1DC1A205001646FE /* LaunchScreen.storyboard in Resources */ = {isa = PBXBuildFile; fileRef = 6643F09A1DC1A205001646FE /* LaunchScreen.storyboard */; };
		6643F0A41DC1A28D001646FE /* loginViewController.swift in Sources */ = {isa = PBXBuildFile; fileRef = 6643F0A31DC1A28D001646FE /* loginViewController.swift */; };
		664D5AAA1DC546A5008AA865 /* TwitterClient.swift in Sources */ = {isa = PBXBuildFile; fileRef = 664D5AA91DC546A5008AA865 /* TwitterClient.swift */; };
		66C83BF71DC683B300D6E8EE /* TweetCell.swift in Sources */ = {isa = PBXBuildFile; fileRef = 66C83BF61DC683B300D6E8EE /* TweetCell.swift */; };
		66C83BF91DC8359700D6E8EE /* createTweetViewController.swift in Sources */ = {isa = PBXBuildFile; fileRef = 66C83BF81DC8359700D6E8EE /* createTweetViewController.swift */; };
		66E0E6931DC52E40009433D6 /* User.swift in Sources */ = {isa = PBXBuildFile; fileRef = 66E0E6921DC52E40009433D6 /* User.swift */; };
		66E0E6951DC52E48009433D6 /* Tweet.swift in Sources */ = {isa = PBXBuildFile; fileRef = 66E0E6941DC52E48009433D6 /* Tweet.swift */; };
		66F2FE191DC5741100A8C79C /* TweetsViewController.swift in Sources */ = {isa = PBXBuildFile; fileRef = 66F2FE181DC5741100A8C79C /* TweetsViewController.swift */; };
		EDBDE95BA7ED7663F6A02451 /* Pods_TwitterApp.framework in Frameworks */ = {isa = PBXBuildFile; fileRef = 7195790569E9A88F1CD1145E /* Pods_TwitterApp.framework */; };
/* End PBXBuildFile section */

/* Begin PBXFileReference section */
		6643F08E1DC1A205001646FE /* TwitterApp.app */ = {isa = PBXFileReference; explicitFileType = wrapper.application; includeInIndex = 0; path = TwitterApp.app; sourceTree = BUILT_PRODUCTS_DIR; };
		6643F0911DC1A205001646FE /* AppDelegate.swift */ = {isa = PBXFileReference; lastKnownFileType = sourcecode.swift; path = AppDelegate.swift; sourceTree = "<group>"; };
		6643F0961DC1A205001646FE /* Base */ = {isa = PBXFileReference; lastKnownFileType = file.storyboard; name = Base; path = Base.lproj/Main.storyboard; sourceTree = "<group>"; };
		6643F0981DC1A205001646FE /* Assets.xcassets */ = {isa = PBXFileReference; lastKnownFileType = folder.assetcatalog; path = Assets.xcassets; sourceTree = "<group>"; };
		6643F09B1DC1A205001646FE /* Base */ = {isa = PBXFileReference; lastKnownFileType = file.storyboard; name = Base; path = Base.lproj/LaunchScreen.storyboard; sourceTree = "<group>"; };
		6643F09D1DC1A205001646FE /* Info.plist */ = {isa = PBXFileReference; lastKnownFileType = text.plist.xml; path = Info.plist; sourceTree = "<group>"; };
		6643F0A31DC1A28D001646FE /* loginViewController.swift */ = {isa = PBXFileReference; fileEncoding = 4; lastKnownFileType = sourcecode.swift; path = loginViewController.swift; sourceTree = "<group>"; };
		664D5AA91DC546A5008AA865 /* TwitterClient.swift */ = {isa = PBXFileReference; fileEncoding = 4; lastKnownFileType = sourcecode.swift; path = TwitterClient.swift; sourceTree = "<group>"; };
		66C83BF61DC683B300D6E8EE /* TweetCell.swift */ = {isa = PBXFileReference; fileEncoding = 4; lastKnownFileType = sourcecode.swift; path = TweetCell.swift; sourceTree = "<group>"; };
		66C83BF81DC8359700D6E8EE /* createTweetViewController.swift */ = {isa = PBXFileReference; fileEncoding = 4; lastKnownFileType = sourcecode.swift; path = createTweetViewController.swift; sourceTree = "<group>"; };
		66E0E6921DC52E40009433D6 /* User.swift */ = {isa = PBXFileReference; fileEncoding = 4; lastKnownFileType = sourcecode.swift; path = User.swift; sourceTree = "<group>"; };
		66E0E6941DC52E48009433D6 /* Tweet.swift */ = {isa = PBXFileReference; fileEncoding = 4; lastKnownFileType = sourcecode.swift; path = Tweet.swift; sourceTree = "<group>"; };
		66F2FE181DC5741100A8C79C /* TweetsViewController.swift */ = {isa = PBXFileReference; fileEncoding = 4; lastKnownFileType = sourcecode.swift; path = TweetsViewController.swift; sourceTree = "<group>"; };
		66F2FE1A1DC62B5A00A8C79C /* TwitterApp.entitlements */ = {isa = PBXFileReference; lastKnownFileType = text.plist.entitlements; path = TwitterApp.entitlements; sourceTree = "<group>"; };
		7195790569E9A88F1CD1145E /* Pods_TwitterApp.framework */ = {isa = PBXFileReference; explicitFileType = wrapper.framework; includeInIndex = 0; path = Pods_TwitterApp.framework; sourceTree = BUILT_PRODUCTS_DIR; };
		7AF2E96475A75AC7DCCB53C7 /* Pods-TwitterApp.release.xcconfig */ = {isa = PBXFileReference; includeInIndex = 1; lastKnownFileType = text.xcconfig; name = "Pods-TwitterApp.release.xcconfig"; path = "Pods/Target Support Files/Pods-TwitterApp/Pods-TwitterApp.release.xcconfig"; sourceTree = "<group>"; };
		AD0C4D2EBE517850BBE733A8 /* Pods-TwitterApp.debug.xcconfig */ = {isa = PBXFileReference; includeInIndex = 1; lastKnownFileType = text.xcconfig; name = "Pods-TwitterApp.debug.xcconfig"; path = "Pods/Target Support Files/Pods-TwitterApp/Pods-TwitterApp.debug.xcconfig"; sourceTree = "<group>"; };
/* End PBXFileReference section */

/* Begin PBXFrameworksBuildPhase section */
		6643F08B1DC1A205001646FE /* Frameworks */ = {
			isa = PBXFrameworksBuildPhase;
			buildActionMask = 2147483647;
			files = (
				EDBDE95BA7ED7663F6A02451 /* Pods_TwitterApp.framework in Frameworks */,
			);
			runOnlyForDeploymentPostprocessing = 0;
		};
/* End PBXFrameworksBuildPhase section */

/* Begin PBXGroup section */
		3DDA1C7E8E18652AAF70F9F7 /* Frameworks */ = {
			isa = PBXGroup;
			children = (
				7195790569E9A88F1CD1145E /* Pods_TwitterApp.framework */,
			);
			name = Frameworks;
			sourceTree = "<group>";
		};
		6643F0851DC1A205001646FE = {
			isa = PBXGroup;
			children = (
				6643F0901DC1A205001646FE /* TwitterApp */,
				6643F08F1DC1A205001646FE /* Products */,
				8095CD2C501B66BE22699BE7 /* Pods */,
				3DDA1C7E8E18652AAF70F9F7 /* Frameworks */,
			);
			sourceTree = "<group>";
		};
		6643F08F1DC1A205001646FE /* Products */ = {
			isa = PBXGroup;
			children = (
				6643F08E1DC1A205001646FE /* TwitterApp.app */,
			);
			name = Products;
			sourceTree = "<group>";
		};
		6643F0901DC1A205001646FE /* TwitterApp */ = {
			isa = PBXGroup;
			children = (
				66C83BF51DC6839200D6E8EE /* Views */,
				66F2FE1A1DC62B5A00A8C79C /* TwitterApp.entitlements */,
				66E0E6911DC52E0A009433D6 /* API */,
				66E0E6901DC52DF5009433D6 /* View Controllers */,
				66E0E68F1DC52DE4009433D6 /* Models */,
				6643F0911DC1A205001646FE /* AppDelegate.swift */,
				6643F0951DC1A205001646FE /* Main.storyboard */,
				6643F0981DC1A205001646FE /* Assets.xcassets */,
				6643F09A1DC1A205001646FE /* LaunchScreen.storyboard */,
				6643F09D1DC1A205001646FE /* Info.plist */,
			);
			path = TwitterApp;
			sourceTree = "<group>";
		};
		66C83BF51DC6839200D6E8EE /* Views */ = {
			isa = PBXGroup;
			children = (
				66C83BF61DC683B300D6E8EE /* TweetCell.swift */,
			);
			name = Views;
			sourceTree = "<group>";
		};
		66E0E68F1DC52DE4009433D6 /* Models */ = {
			isa = PBXGroup;
			children = (
				66E0E6921DC52E40009433D6 /* User.swift */,
				66E0E6941DC52E48009433D6 /* Tweet.swift */,
			);
			name = Models;
			sourceTree = "<group>";
		};
		66E0E6901DC52DF5009433D6 /* View Controllers */ = {
			isa = PBXGroup;
			children = (
				6643F0A31DC1A28D001646FE /* loginViewController.swift */,
				66F2FE181DC5741100A8C79C /* TweetsViewController.swift */,
				66C83BF81DC8359700D6E8EE /* createTweetViewController.swift */,
			);
			name = "View Controllers";
			sourceTree = "<group>";
		};
		66E0E6911DC52E0A009433D6 /* API */ = {
			isa = PBXGroup;
			children = (
				664D5AA91DC546A5008AA865 /* TwitterClient.swift */,
			);
			name = API;
			sourceTree = "<group>";
		};
		8095CD2C501B66BE22699BE7 /* Pods */ = {
			isa = PBXGroup;
			children = (
				AD0C4D2EBE517850BBE733A8 /* Pods-TwitterApp.debug.xcconfig */,
				7AF2E96475A75AC7DCCB53C7 /* Pods-TwitterApp.release.xcconfig */,
			);
			name = Pods;
			sourceTree = "<group>";
		};
/* End PBXGroup section */

/* Begin PBXNativeTarget section */
		6643F08D1DC1A205001646FE /* TwitterApp */ = {
			isa = PBXNativeTarget;
			buildConfigurationList = 6643F0A01DC1A205001646FE /* Build configuration list for PBXNativeTarget "TwitterApp" */;
			buildPhases = (
				AA8BF98D674ECD7B35B2067F /* [CP] Check Pods Manifest.lock */,
				6643F08A1DC1A205001646FE /* Sources */,
				6643F08B1DC1A205001646FE /* Frameworks */,
				6643F08C1DC1A205001646FE /* Resources */,
				59FC0A1110E708407C162613 /* [CP] Embed Pods Frameworks */,
				ACEB971CCA5C62C0CEA19144 /* [CP] Copy Pods Resources */,
			);
			buildRules = (
			);
			dependencies = (
			);
			name = TwitterApp;
			productName = TwitterApp;
			productReference = 6643F08E1DC1A205001646FE /* TwitterApp.app */;
			productType = "com.apple.product-type.application";
		};
/* End PBXNativeTarget section */

/* Begin PBXProject section */
		6643F0861DC1A205001646FE /* Project object */ = {
			isa = PBXProject;
			attributes = {
				LastSwiftUpdateCheck = 0800;
				LastUpgradeCheck = 0810;
				ORGANIZATIONNAME = codepath;
				TargetAttributes = {
					6643F08D1DC1A205001646FE = {
						CreatedOnToolsVersion = 8.0;
						DevelopmentTeam = 67E6TQKW73;
						ProvisioningStyle = Automatic;
						SystemCapabilities = {
							com.apple.Keychain = {
								enabled = 1;
							};
						};
					};
				};
			};
			buildConfigurationList = 6643F0891DC1A205001646FE /* Build configuration list for PBXProject "TwitterApp" */;
			compatibilityVersion = "Xcode 3.2";
			developmentRegion = English;
			hasScannedForEncodings = 0;
			knownRegions = (
				en,
				Base,
			);
			mainGroup = 6643F0851DC1A205001646FE;
			productRefGroup = 6643F08F1DC1A205001646FE /* Products */;
			projectDirPath = "";
			projectRoot = "";
			targets = (
				6643F08D1DC1A205001646FE /* TwitterApp */,
			);
		};
/* End PBXProject section */

/* Begin PBXResourcesBuildPhase section */
		6643F08C1DC1A205001646FE /* Resources */ = {
			isa = PBXResourcesBuildPhase;
			buildActionMask = 2147483647;
			files = (
				6643F09C1DC1A205001646FE /* LaunchScreen.storyboard in Resources */,
				6643F0991DC1A205001646FE /* Assets.xcassets in Resources */,
				6643F0971DC1A205001646FE /* Main.storyboard in Resources */,
			);
			runOnlyForDeploymentPostprocessing = 0;
		};
/* End PBXResourcesBuildPhase section */

/* Begin PBXShellScriptBuildPhase section */
		59FC0A1110E708407C162613 /* [CP] Embed Pods Frameworks */ = {
			isa = PBXShellScriptBuildPhase;
			buildActionMask = 2147483647;
			files = (
			);
			inputPaths = (
			);
			name = "[CP] Embed Pods Frameworks";
			outputPaths = (
			);
			runOnlyForDeploymentPostprocessing = 0;
			shellPath = /bin/sh;
			shellScript = "\"${SRCROOT}/Pods/Target Support Files/Pods-TwitterApp/Pods-TwitterApp-frameworks.sh\"\n";
			showEnvVarsInLog = 0;
		};
		AA8BF98D674ECD7B35B2067F /* [CP] Check Pods Manifest.lock */ = {
			isa = PBXShellScriptBuildPhase;
			buildActionMask = 2147483647;
			files = (
			);
			inputPaths = (
			);
			name = "[CP] Check Pods Manifest.lock";
			outputPaths = (
			);
			runOnlyForDeploymentPostprocessing = 0;
			shellPath = /bin/sh;
			shellScript = "diff \"${PODS_ROOT}/../Podfile.lock\" \"${PODS_ROOT}/Manifest.lock\" > /dev/null\nif [[ $? != 0 ]] ; then\n    cat << EOM\nerror: The sandbox is not in sync with the Podfile.lock. Run 'pod install' or update your CocoaPods installation.\nEOM\n    exit 1\nfi\n";
			showEnvVarsInLog = 0;
		};
		ACEB971CCA5C62C0CEA19144 /* [CP] Copy Pods Resources */ = {
			isa = PBXShellScriptBuildPhase;
			buildActionMask = 2147483647;
			files = (
			);
			inputPaths = (
			);
			name = "[CP] Copy Pods Resources";
			outputPaths = (
			);
			runOnlyForDeploymentPostprocessing = 0;
			shellPath = /bin/sh;
			shellScript = "\"${SRCROOT}/Pods/Target Support Files/Pods-TwitterApp/Pods-TwitterApp-resources.sh\"\n";
			showEnvVarsInLog = 0;
		};
/* End PBXShellScriptBuildPhase section */

/* Begin PBXSourcesBuildPhase section */
		6643F08A1DC1A205001646FE /* Sources */ = {
			isa = PBXSourcesBuildPhase;
			buildActionMask = 2147483647;
			files = (
				66E0E6931DC52E40009433D6 /* User.swift in Sources */,
				66C83BF71DC683B300D6E8EE /* TweetCell.swift in Sources */,
				66E0E6951DC52E48009433D6 /* Tweet.swift in Sources */,
				6643F0921DC1A205001646FE /* AppDelegate.swift in Sources */,
				66F2FE191DC5741100A8C79C /* TweetsViewController.swift in Sources */,
				664D5AAA1DC546A5008AA865 /* TwitterClient.swift in Sources */,
				66C83BF91DC8359700D6E8EE /* createTweetViewController.swift in Sources */,
				6643F0A41DC1A28D001646FE /* loginViewController.swift in Sources */,
			);
			runOnlyForDeploymentPostprocessing = 0;
		};
/* End PBXSourcesBuildPhase section */

/* Begin PBXVariantGroup section */
		6643F0951DC1A205001646FE /* Main.storyboard */ = {
			isa = PBXVariantGroup;
			children = (
				6643F0961DC1A205001646FE /* Base */,
			);
			name = Main.storyboard;
			sourceTree = "<group>";
		};
		6643F09A1DC1A205001646FE /* LaunchScreen.storyboard */ = {
			isa = PBXVariantGroup;
			children = (
				6643F09B1DC1A205001646FE /* Base */,
			);
			name = LaunchScreen.storyboard;
			sourceTree = "<group>";
		};
/* End PBXVariantGroup section */

/* Begin XCBuildConfiguration section */
		6643F09E1DC1A205001646FE /* Debug */ = {
			isa = XCBuildConfiguration;
			buildSettings = {
				ALWAYS_SEARCH_USER_PATHS = NO;
				CLANG_ANALYZER_NONNULL = YES;
				CLANG_CXX_LANGUAGE_STANDARD = "gnu++0x";
				CLANG_CXX_LIBRARY = "libc++";
				CLANG_ENABLE_MODULES = YES;
				CLANG_ENABLE_OBJC_ARC = YES;
				CLANG_WARN_BOOL_CONVERSION = YES;
				CLANG_WARN_CONSTANT_CONVERSION = YES;
				CLANG_WARN_DIRECT_OBJC_ISA_USAGE = YES_ERROR;
				CLANG_WARN_DOCUMENTATION_COMMENTS = YES;
				CLANG_WARN_EMPTY_BODY = YES;
				CLANG_WARN_ENUM_CONVERSION = YES;
				CLANG_WARN_INFINITE_RECURSION = YES;
				CLANG_WARN_INT_CONVERSION = YES;
				CLANG_WARN_OBJC_ROOT_CLASS = YES_ERROR;
				CLANG_WARN_SUSPICIOUS_MOVE = YES;
				CLANG_WARN_SUSPICIOUS_MOVES = YES;
				CLANG_WARN_UNREACHABLE_CODE = YES;
				CLANG_WARN__DUPLICATE_METHOD_MATCH = YES;
				"CODE_SIGN_IDENTITY[sdk=iphoneos*]" = "iPhone Developer";
				COPY_PHASE_STRIP = NO;
				DEBUG_INFORMATION_FORMAT = dwarf;
				ENABLE_STRICT_OBJC_MSGSEND = YES;
				ENABLE_TESTABILITY = YES;
				GCC_C_LANGUAGE_STANDARD = gnu99;
				GCC_DYNAMIC_NO_PIC = NO;
				GCC_NO_COMMON_BLOCKS = YES;
				GCC_OPTIMIZATION_LEVEL = 0;
				GCC_PREPROCESSOR_DEFINITIONS = (
					"DEBUG=1",
					"$(inherited)",
				);
				GCC_WARN_64_TO_32_BIT_CONVERSION = YES;
				GCC_WARN_ABOUT_RETURN_TYPE = YES_ERROR;
				GCC_WARN_UNDECLARED_SELECTOR = YES;
				GCC_WARN_UNINITIALIZED_AUTOS = YES_AGGRESSIVE;
				GCC_WARN_UNUSED_FUNCTION = YES;
				GCC_WARN_UNUSED_VARIABLE = YES;
				IPHONEOS_DEPLOYMENT_TARGET = 10.0;
				MTL_ENABLE_DEBUG_INFO = YES;
				ONLY_ACTIVE_ARCH = YES;
				SDKROOT = iphoneos;
				SWIFT_ACTIVE_COMPILATION_CONDITIONS = DEBUG;
				SWIFT_OPTIMIZATION_LEVEL = "-Onone";
			};
			name = Debug;
		};
		6643F09F1DC1A205001646FE /* Release */ = {
			isa = XCBuildConfiguration;
			buildSettings = {
				ALWAYS_SEARCH_USER_PATHS = NO;
				CLANG_ANALYZER_NONNULL = YES;
				CLANG_CXX_LANGUAGE_STANDARD = "gnu++0x";
				CLANG_CXX_LIBRARY = "libc++";
				CLANG_ENABLE_MODULES = YES;
				CLANG_ENABLE_OBJC_ARC = YES;
				CLANG_WARN_BOOL_CONVERSION = YES;
				CLANG_WARN_CONSTANT_CONVERSION = YES;
				CLANG_WARN_DIRECT_OBJC_ISA_USAGE = YES_ERROR;
				CLANG_WARN_DOCUMENTATION_COMMENTS = YES;
				CLANG_WARN_EMPTY_BODY = YES;
				CLANG_WARN_ENUM_CONVERSION = YES;
				CLANG_WARN_INFINITE_RECURSION = YES;
				CLANG_WARN_INT_CONVERSION = YES;
				CLANG_WARN_OBJC_ROOT_CLASS = YES_ERROR;
				CLANG_WARN_SUSPICIOUS_MOVE = YES;
				CLANG_WARN_SUSPICIOUS_MOVES = YES;
				CLANG_WARN_UNREACHABLE_CODE = YES;
				CLANG_WARN__DUPLICATE_METHOD_MATCH = YES;
				"CODE_SIGN_IDENTITY[sdk=iphoneos*]" = "iPhone Developer";
				COPY_PHASE_STRIP = NO;
				DEBUG_INFORMATION_FORMAT = "dwarf-with-dsym";
				ENABLE_NS_ASSERTIONS = NO;
				ENABLE_STRICT_OBJC_MSGSEND = YES;
				GCC_C_LANGUAGE_STANDARD = gnu99;
				GCC_NO_COMMON_BLOCKS = YES;
				GCC_WARN_64_TO_32_BIT_CONVERSION = YES;
				GCC_WARN_ABOUT_RETURN_TYPE = YES_ERROR;
				GCC_WARN_UNDECLARED_SELECTOR = YES;
				GCC_WARN_UNINITIALIZED_AUTOS = YES_AGGRESSIVE;
				GCC_WARN_UNUSED_FUNCTION = YES;
				GCC_WARN_UNUSED_VARIABLE = YES;
				IPHONEOS_DEPLOYMENT_TARGET = 10.0;
				MTL_ENABLE_DEBUG_INFO = NO;
				SDKROOT = iphoneos;
				SWIFT_OPTIMIZATION_LEVEL = "-Owholemodule";
				VALIDATE_PRODUCT = YES;
			};
			name = Release;
		};
		6643F0A11DC1A205001646FE /* Debug */ = {
			isa = XCBuildConfiguration;
			baseConfigurationReference = AD0C4D2EBE517850BBE733A8 /* Pods-TwitterApp.debug.xcconfig */;
			buildSettings = {
				ASSETCATALOG_COMPILER_APPICON_NAME = AppIcon;
				CODE_SIGN_ENTITLEMENTS = TwitterApp/TwitterApp.entitlements;
				DEVELOPMENT_TEAM = 67E6TQKW73;
				INFOPLIST_FILE = TwitterApp/Info.plist;
				LD_RUNPATH_SEARCH_PATHS = "$(inherited) @executable_path/Frameworks";
				PRODUCT_BUNDLE_IDENTIFIER = com.codepath.TwitterApp;
				PRODUCT_NAME = "$(TARGET_NAME)";
				SWIFT_VERSION = 3.0;
			};
			name = Debug;
		};
		6643F0A21DC1A205001646FE /* Release */ = {
			isa = XCBuildConfiguration;
			baseConfigurationReference = 7AF2E96475A75AC7DCCB53C7 /* Pods-TwitterApp.release.xcconfig */;
			buildSettings = {
				ASSETCATALOG_COMPILER_APPICON_NAME = AppIcon;
				CODE_SIGN_ENTITLEMENTS = TwitterApp/TwitterApp.entitlements;
				DEVELOPMENT_TEAM = 67E6TQKW73;
				INFOPLIST_FILE = TwitterApp/Info.plist;
				LD_RUNPATH_SEARCH_PATHS = "$(inherited) @executable_path/Frameworks";
				PRODUCT_BUNDLE_IDENTIFIER = com.codepath.TwitterApp;
				PRODUCT_NAME = "$(TARGET_NAME)";
				SWIFT_VERSION = 3.0;
			};
			name = Release;
		};
/* End XCBuildConfiguration section */

/* Begin XCConfigurationList section */
		6643F0891DC1A205001646FE /* Build configuration list for PBXProject "TwitterApp" */ = {
			isa = XCConfigurationList;
			buildConfigurations = (
				6643F09E1DC1A205001646FE /* Debug */,
				6643F09F1DC1A205001646FE /* Release */,
			);
			defaultConfigurationIsVisible = 0;
			defaultConfigurationName = Release;
		};
		6643F0A01DC1A205001646FE /* Build configuration list for PBXNativeTarget "TwitterApp" */ = {
			isa = XCConfigurationList;
			buildConfigurations = (
				6643F0A11DC1A205001646FE /* Debug */,
				6643F0A21DC1A205001646FE /* Release */,
			);
			defaultConfigurationIsVisible = 0;
			defaultConfigurationName = Release;
		};
/* End XCConfigurationList section */
	};
	rootObject = 6643F0861DC1A205001646FE /* Project object */;
}
